
Microsoft Visual Studio Solution File, Format Version 12.00
# Visual Studio 15
VisualStudioVersion = 15.0.27428.2037
MinimumVisualStudioVersion = 10.0.40219.1
Project("{FAE04EC0-301F-11D3-BF4B-00C04F79EFBC}") = "ExploreCalifornia", "ExploreCalifornia\ExploreCalifornia.csproj", "{D097267F-9798-4731-BE2B-9D5E46C63E03}"
EndProject
Global
	GlobalSection(SolutionConfigurationPlatforms) = preSolution
		Debug|Any CPU = Debug|Any CPU
		Release|Any CPU = Release|Any CPU
	EndGlobalSection
	GlobalSection(ProjectConfigurationPlatforms) = postSolution
		{D097267F-9798-4731-BE2B-9D5E46C63E03}.Debug|Any CPU.ActiveCfg = Debug|Any CPU
		{D097267F-9798-4731-BE2B-9D5E46C63E03}.Debug|Any CPU.Build.0 = Debug|Any CPU
		{D097267F-9798-4731-BE2B-9D5E46C63E03}.Release|Any CPU.ActiveCfg = Release|Any CPU
		{D097267F-9798-4731-BE2B-9D5E46C63E03}.Release|Any CPU.Build.0 = Release|Any CPU
	EndGlobalSection
	GlobalSection(SolutionProperties) = preSolution
		HideSolutionNode = FALSE
	EndGlobalSection
	GlobalSection(ExtensibilityGlobals) = postSolution
		SolutionGuid = {1312C3AB-8672-4471-A96B-B6665E06AF30}
	EndGlobalSection
EndGlobal
